
Microsoft Visual Studio Solution File, Format Version 12.00
# Visual Studio 2012
Project("{8BC9CEB8-8B4A-11D0-8D11-00A0C91BC942}") = "48hr 2010", "48hr 2010\48hr 2010.vcxproj", "{023B4592-AC21-43AC-82C1-972A98E2344C}"
EndProject
Global
	GlobalSection(SolutionConfigurationPlatforms) = preSolution
		Debug|Win32 = Debug|Win32
		Release|Win32 = Release|Win32
	EndGlobalSection
	GlobalSection(ProjectConfigurationPlatforms) = postSolution
		{023B4592-AC21-43AC-82C1-972A98E2344C}.Debug|Win32.ActiveCfg = Debug|Win32
		{023B4592-AC21-43AC-82C1-972A98E2344C}.Debug|Win32.Build.0 = Debug|Win32
		{023B4592-AC21-43AC-82C1-972A98E2344C}.Release|Win32.ActiveCfg = Release|Win32
		{023B4592-AC21-43AC-82C1-972A98E2344C}.Release|Win32.Build.0 = Release|Win32
	EndGlobalSection
	GlobalSection(SolutionProperties) = preSolution
		HideSolutionNode = FALSE
	EndGlobalSection
EndGlobal
