<?xml version="1.0" encoding="utf-8"?>
<Project ToolsVersion="4.0" xmlns="http://schemas.microsoft.com/developer/msbuild/2003">
  <ItemGroup>
    <Filter Include="Source Files">
      <UniqueIdentifier>{4FC737F1-C7A5-4376-A066-2A32D752A2FF}</UniqueIdentifier>
      <Extensions>cpp;c;cc;cxx;def;odl;idl;hpj;bat;asm;asmx</Extensions>
    </Filter>
    <Filter Include="Header Files">
      <UniqueIdentifier>{93995380-89BD-4b04-88EB-625FBE52EBFB}</UniqueIdentifier>
      <Extensions>h;hpp;hxx;hm;inl;inc;xsd</Extensions>
    </Filter>
    <Filter Include="Resource Files">
      <UniqueIdentifier>{67DA6AB6-F800-4c08-8B7A-83BB121AAD01}</UniqueIdentifier>
      <Extensions>rc;ico;cur;bmp;dlg;rc2;rct;bin;rgs;gif;jpg;jpeg;jpe;resx;tiff;tif;png;wav;mfcribbon-ms</Extensions>
    </Filter>
    <Filter Include="Header Files\Controllers">
      <UniqueIdentifier>{5b2faf04-90d5-4d76-902f-7a0c521ac69a}</UniqueIdentifier>
    </Filter>
    <Filter Include="Source Files\Controllers">
      <UniqueIdentifier>{7c861099-995a-463c-a338-8445743a4cf4}</UniqueIdentifier>
    </Filter>
    <Filter Include="Header Files\Objects">
      <UniqueIdentifier>{792e7be8-304e-4b14-86ac-0520267b5b92}</UniqueIdentifier>
    </Filter>
    <Filter Include="Header Files\Objects\Titles">
      <UniqueIdentifier>{5c680df1-b280-41a2-9cee-c155962b96e8}</UniqueIdentifier>
    </Filter>
    <Filter Include="Source Files\Objects">
      <UniqueIdentifier>{15b54893-5de4-4586-b6f4-f43978a1f2a3}</UniqueIdentifier>
    </Filter>
    <Filter Include="Source Files\Objects\Titles">
      <UniqueIdentifier>{24e1fca2-51c2-4782-8f4f-4b4138d07240}</UniqueIdentifier>
    </Filter>
    <Filter Include="Header Files\Objects\Animated">
      <UniqueIdentifier>{bddaf922-09ab-4e7b-a5e9-27f2bb0d95cf}</UniqueIdentifier>
    </Filter>
    <Filter Include="Source Files\Objects\Animated">
      <UniqueIdentifier>{46ea0a31-549b-4195-b14d-9a7aa3472a58}</UniqueIdentifier>
    </Filter>
    <Filter Include="Source Files\Objects\Static">
      <UniqueIdentifier>{7ac17751-1665-499d-9088-431020a577e5}</UniqueIdentifier>
    </Filter>
    <Filter Include="Header Files\Objects\Static">
      <UniqueIdentifier>{779397f1-2594-49a6-9537-100c72021fae}</UniqueIdentifier>
    </Filter>
    <Filter Include="Header Files\Objects\Animated\Unit">
      <UniqueIdentifier>{7d4a5711-bd35-48e9-9a8a-5fbb9dd06fbf}</UniqueIdentifier>
    </Filter>
    <Filter Include="Header Files\Objects\Animated\Unit\Minions">
      <UniqueIdentifier>{751d0105-e06c-495d-be9b-ec1d599f1bad}</UniqueIdentifier>
    </Filter>
    <Filter Include="Header Files\Objects\Animated\Unit\Resources">
      <UniqueIdentifier>{138dfc49-f906-4333-8381-2f2d7862e140}</UniqueIdentifier>
    </Filter>
    <Filter Include="Source Files\Objects\Animated\Unit">
      <UniqueIdentifier>{30a9020e-7f9e-4c3e-996a-006285c75f9b}</UniqueIdentifier>
    </Filter>
    <Filter Include="Source Files\Objects\Animated\Unit\Minions">
      <UniqueIdentifier>{6b53ed78-bfaa-496e-97b3-0e66299fc466}</UniqueIdentifier>
    </Filter>
    <Filter Include="Source Files\Objects\Animated\Unit\Resources">
      <UniqueIdentifier>{d0a54e84-8d52-453a-93e2-c2405f80d6af}</UniqueIdentifier>
    </Filter>
  </ItemGroup>
  <ItemGroup>
    <ClCompile Include="main.cpp">
      <Filter>Source Files</Filter>
    </ClCompile>
    <ClCompile Include="Input.cpp">
      <Filter>Source Files\Controllers</Filter>
    </ClCompile>
    <ClCompile Include="Controller.cpp">
      <Filter>Source Files\Controllers</Filter>
    </ClCompile>
    <ClCompile Include="Keyboard.cpp">
      <Filter>Source Files\Controllers</Filter>
    </ClCompile>
    <ClCompile Include="AnimatedObject.cpp">
      <Filter>Source Files\Objects</Filter>
    </ClCompile>
    <ClCompile Include="StaticObject.cpp">
      <Filter>Source Files\Objects</Filter>
    </ClCompile>
    <ClCompile Include="Target.cpp">
      <Filter>Source Files\Objects\Static</Filter>
    </ClCompile>
    <ClCompile Include="PlayerController.cpp">
      <Filter>Source Files</Filter>
    </ClCompile>
    <ClCompile Include="SoundController.cpp">
      <Filter>Source Files</Filter>
    </ClCompile>
    <ClCompile Include="DayNight.cpp">
      <Filter>Source Files\Objects\Animated</Filter>
    </ClCompile>
    <ClCompile Include="Minion.cpp">
      <Filter>Source Files\Objects\Animated\Unit</Filter>
    </ClCompile>
    <ClCompile Include="Resource.cpp">
      <Filter>Source Files\Objects\Animated\Unit</Filter>
    </ClCompile>
    <ClCompile Include="Unit.cpp">
      <Filter>Source Files\Objects\Animated\Unit</Filter>
    </ClCompile>
    <ClCompile Include="ResourceIcon.cpp">
      <Filter>Source Files\Objects\Static</Filter>
    </ClCompile>
    <ClCompile Include="hgeRectExt.cpp">
      <Filter>Source Files</Filter>
    </ClCompile>
    <ClCompile Include="Egg.cpp">
      <Filter>Source Files\Objects\Animated\Unit\Resources</Filter>
    </ClCompile>
    <ClCompile Include="Beer.cpp">
      <Filter>Source Files\Objects\Animated\Unit\Resources</Filter>
    </ClCompile>
    <ClCompile Include="Raptor.cpp">
      <Filter>Source Files\Objects\Animated\Unit\Minions</Filter>
    </ClCompile>
    <ClCompile Include="ParticleController.cpp">
      <Filter>Source Files</Filter>
    </ClCompile>
    <ClCompile Include="DrunkGamer.cpp">
      <Filter>Source Files\Objects\Animated\Unit\Minions</Filter>
    </ClCompile>
    <ClCompile Include="TitleScreen.cpp">
      <Filter>Source Files\Objects\Titles</Filter>
    </ClCompile>
    <ClCompile Include="Speedling.cpp">
      <Filter>Source Files\Objects\Animated\Unit\Minions</Filter>
    </ClCompile>
    <ClCompile Include="Fatty.cpp">
      <Filter>Source Files\Objects\Animated\Unit\Minions</Filter>
    </ClCompile>
    <ClCompile Include="Tricero.cpp">
      <Filter>Source Files\Objects\Animated\Unit\Minions</Filter>
    </ClCompile>
    <ClCompile Include="Bar.cpp">
      <Filter>Source Files\Objects\Static</Filter>
    </ClCompile>
    <ClCompile Include="Building.cpp">
      <Filter>Source Files\Objects\Static</Filter>
    </ClCompile>
    <ClCompile Include="Den.cpp">
      <Filter>Source Files\Objects\Static</Filter>
    </ClCompile>
    <ClCompile Include="KeyboardWASD.cpp">
      <Filter>Source Files\Controllers</Filter>
    </ClCompile>
    <ClCompile Include="Hooker.cpp">
      <Filter>Source Files\Objects\Animated\Unit\Minions</Filter>
    </ClCompile>
  </ItemGroup>
  <ItemGroup>
    <ClInclude Include="Input.h">
      <Filter>Header Files\Controllers</Filter>
    </ClInclude>
    <ClInclude Include="Controller.h">
      <Filter>Header Files\Controllers</Filter>
    </ClInclude>
    <ClInclude Include="Keyboard.h">
      <Filter>Header Files\Controllers</Filter>
    </ClInclude>
    <ClInclude Include="global.h">
      <Filter>Header Files</Filter>
    </ClInclude>
    <ClInclude Include="AnimatedObject.h">
      <Filter>Header Files\Objects</Filter>
    </ClInclude>
    <ClInclude Include="Renderable.h">
      <Filter>Header Files\Objects</Filter>
    </ClInclude>
    <ClInclude Include="StaticObject.h">
      <Filter>Header Files\Objects</Filter>
    </ClInclude>
    <ClInclude Include="Target.h">
      <Filter>Header Files\Objects\Static</Filter>
    </ClInclude>
    <ClInclude Include="PlayerController.h">
      <Filter>Header Files</Filter>
    </ClInclude>
    <ClInclude Include="SoundController.h">
      <Filter>Header Files</Filter>
    </ClInclude>
    <ClInclude Include="DayNight.h">
      <Filter>Header Files\Objects\Animated</Filter>
    </ClInclude>
    <ClInclude Include="Unit.h">
      <Filter>Header Files\Objects\Animated\Unit</Filter>
    </ClInclude>
    <ClInclude Include="Resource.h">
      <Filter>Header Files\Objects\Animated\Unit</Filter>
    </ClInclude>
    <ClInclude Include="Minion.h">
      <Filter>Header Files\Objects\Animated\Unit</Filter>
    </ClInclude>
    <ClInclude Include="ResourceIcon.h">
      <Filter>Header Files\Objects\Static</Filter>
    </ClInclude>
    <ClInclude Include="hgeRectExt.h">
      <Filter>Header Files</Filter>
    </ClInclude>
    <ClInclude Include="Beer.h">
      <Filter>Header Files\Objects\Animated\Unit\Resources</Filter>
    </ClInclude>
    <ClInclude Include="Egg.h">
      <Filter>Header Files\Objects\Animated\Unit\Resources</Filter>
    </ClInclude>
    <ClInclude Include="Raptor.h">
      <Filter>Header Files\Objects\Animated\Unit\Minions</Filter>
    </ClInclude>
    <ClInclude Include="ParticleController.h">
      <Filter>Header Files</Filter>
    </ClInclude>
    <ClInclude Include="DrunkGamer.h">
      <Filter>Header Files\Objects\Animated\Unit\Minions</Filter>
    </ClInclude>
    <ClInclude Include="TitleScreen.h">
      <Filter>Header Files\Objects\Titles</Filter>
    </ClInclude>
    <ClInclude Include="Fatty.h">
      <Filter>Header Files\Objects\Animated\Unit\Minions</Filter>
    </ClInclude>
    <ClInclude Include="Speedling.h">
      <Filter>Header Files\Objects\Animated\Unit\Minions</Filter>
    </ClInclude>
    <ClInclude Include="Tricero.h">
      <Filter>Header Files\Objects\Animated\Unit\Minions</Filter>
    </ClInclude>
    <ClInclude Include="Bar.h">
      <Filter>Header Files\Objects\Static</Filter>
    </ClInclude>
    <ClInclude Include="Building.h">
      <Filter>Header Files\Objects\Static</Filter>
    </ClInclude>
    <ClInclude Include="Den.h">
      <Filter>Header Files\Objects\Static</Filter>
    </ClInclude>
    <ClInclude Include="KeyboardWASD.h">
      <Filter>Header Files\Controllers</Filter>
    </ClInclude>
    <ClInclude Include="Hooker.h">
      <Filter>Header Files\Objects\Animated\Unit\Minions</Filter>
    </ClInclude>
  </ItemGroup>
</Project>